// !$*UTF8*$!
{
	archiveVersion = 1;
	classes = {
	};
	objectVersion = 56;
	objects = {

/* Begin PBXBuildFile section */
		0BF974BB2939ED0B002A031F /* Notification_SwiftUI_TestApp.swift in Sources */ = {isa = PBXBuildFile; fileRef = 0BF974BA2939ED0B002A031F /* Notification_SwiftUI_TestApp.swift */; };
		0BF974BD2939ED0B002A031F /* ContentView.swift in Sources */ = {isa = PBXBuildFile; fileRef = 0BF974BC2939ED0B002A031F /* ContentView.swift */; };
		0BF974BF2939ED0C002A031F /* Assets.xcassets in Resources */ = {isa = PBXBuildFile; fileRef = 0BF974BE2939ED0C002A031F /* Assets.xcassets */; };
		0BF974C32939ED0C002A031F /* Preview Assets.xcassets in Resources */ = {isa = PBXBuildFile; fileRef = 0BF974C22939ED0C002A031F /* Preview Assets.xcassets */; };
		0BF974CD2939ED0D002A031F /* Notification_SwiftUI_TestTests.swift in Sources */ = {isa = PBXBuildFile; fileRef = 0BF974CC2939ED0D002A031F /* Notification_SwiftUI_TestTests.swift */; };
		0BF974D72939ED0D002A031F /* Notification_SwiftUI_TestUITests.swift in Sources */ = {isa = PBXBuildFile; fileRef = 0BF974D62939ED0D002A031F /* Notification_SwiftUI_TestUITests.swift */; };
		0BF974D92939ED0D002A031F /* Notification_SwiftUI_TestUITestsLaunchTests.swift in Sources */ = {isa = PBXBuildFile; fileRef = 0BF974D82939ED0D002A031F /* Notification_SwiftUI_TestUITestsLaunchTests.swift */; };
/* End PBXBuildFile section */

/* Begin PBXContainerItemProxy section */
		0BF974C92939ED0D002A031F /* PBXContainerItemProxy */ = {
			isa = PBXContainerItemProxy;
			containerPortal = 0BF974AF2939ED0B002A031F /* Project object */;
			proxyType = 1;
			remoteGlobalIDString = 0BF974B62939ED0B002A031F;
			remoteInfo = "Notification SwiftUI Test";
		};
		0BF974D32939ED0D002A031F /* PBXContainerItemProxy */ = {
			isa = PBXContainerItemProxy;
			containerPortal = 0BF974AF2939ED0B002A031F /* Project object */;
			proxyType = 1;
			remoteGlobalIDString = 0BF974B62939ED0B002A031F;
			remoteInfo = "Notification SwiftUI Test";
		};
/* End PBXContainerItemProxy section */

/* Begin PBXFileReference section */
		0BF974B72939ED0B002A031F /* Notification SwiftUI Test.app */ = {isa = PBXFileReference; explicitFileType = wrapper.application; includeInIndex = 0; path = "Notification SwiftUI Test.app"; sourceTree = BUILT_PRODUCTS_DIR; };
		0BF974BA2939ED0B002A031F /* Notification_SwiftUI_TestApp.swift */ = {isa = PBXFileReference; lastKnownFileType = sourcecode.swift; path = Notification_SwiftUI_TestApp.swift; sourceTree = "<group>"; };
		0BF974BC2939ED0B002A031F /* ContentView.swift */ = {isa = PBXFileReference; lastKnownFileType = sourcecode.swift; path = ContentView.swift; sourceTree = "<group>"; };
		0BF974BE2939ED0C002A031F /* Assets.xcassets */ = {isa = PBXFileReference; lastKnownFileType = folder.assetcatalog; path = Assets.xcassets; sourceTree = "<group>"; };
		0BF974C02939ED0C002A031F /* Notification_SwiftUI_Test.entitlements */ = {isa = PBXFileReference; lastKnownFileType = text.plist.entitlements; path = Notification_SwiftUI_Test.entitlements; sourceTree = "<group>"; };
		0BF974C22939ED0C002A031F /* Preview Assets.xcassets */ = {isa = PBXFileReference; lastKnownFileType = folder.assetcatalog; path = "Preview Assets.xcassets"; sourceTree = "<group>"; };
		0BF974C82939ED0D002A031F /* Notification SwiftUI TestTests.xctest */ = {isa = PBXFileReference; explicitFileType = wrapper.cfbundle; includeInIndex = 0; path = "Notification SwiftUI TestTests.xctest"; sourceTree = BUILT_PRODUCTS_DIR; };
		0BF974CC2939ED0D002A031F /* Notification_SwiftUI_TestTests.swift */ = {isa = PBXFileReference; lastKnownFileType = sourcecode.swift; path = Notification_SwiftUI_TestTests.swift; sourceTree = "<group>"; };
		0BF974D22939ED0D002A031F /* Notification SwiftUI TestUITests.xctest */ = {isa = PBXFileReference; explicitFileType = wrapper.cfbundle; includeInIndex = 0; path = "Notification SwiftUI TestUITests.xctest"; sourceTree = BUILT_PRODUCTS_DIR; };
		0BF974D62939ED0D002A031F /* Notification_SwiftUI_TestUITests.swift */ = {isa = PBXFileReference; lastKnownFileType = sourcecode.swift; path = Notification_SwiftUI_TestUITests.swift; sourceTree = "<group>"; };
		0BF974D82939ED0D002A031F /* Notification_SwiftUI_TestUITestsLaunchTests.swift */ = {isa = PBXFileReference; lastKnownFileType = sourcecode.swift; path = Notification_SwiftUI_TestUITestsLaunchTests.swift; sourceTree = "<group>"; };
/* End PBXFileReference section */

/* Begin PBXFrameworksBuildPhase section */
		0BF974B42939ED0B002A031F /* Frameworks */ = {
			isa = PBXFrameworksBuildPhase;
			buildActionMask = 2147483647;
			files = (
			);
			runOnlyForDeploymentPostprocessing = 0;
		};
		0BF974C52939ED0D002A031F /* Frameworks */ = {
			isa = PBXFrameworksBuildPhase;
			buildActionMask = 2147483647;
			files = (
			);
			runOnlyForDeploymentPostprocessing = 0;
		};
		0BF974CF2939ED0D002A031F /* Frameworks */ = {
			isa = PBXFrameworksBuildPhase;
			buildActionMask = 2147483647;
			files = (
			);
			runOnlyForDeploymentPostprocessing = 0;
		};
/* End PBXFrameworksBuildPhase section */

/* Begin PBXGroup section */
		0BF974AE2939ED0B002A031F = {
			isa = PBXGroup;
			children = (
				0BF974B92939ED0B002A031F /* Notification SwiftUI Test */,
				0BF974CB2939ED0D002A031F /* Notification SwiftUI TestTests */,
				0BF974D52939ED0D002A031F /* Notification SwiftUI TestUITests */,
				0BF974B82939ED0B002A031F /* Products */,
			);
			sourceTree = "<group>";
		};
		0BF974B82939ED0B002A031F /* Products */ = {
			isa = PBXGroup;
			children = (
				0BF974B72939ED0B002A031F /* Notification SwiftUI Test.app */,
				0BF974C82939ED0D002A031F /* Notification SwiftUI TestTests.xctest */,
				0BF974D22939ED0D002A031F /* Notification SwiftUI TestUITests.xctest */,
			);
			name = Products;
			sourceTree = "<group>";
		};
		0BF974B92939ED0B002A031F /* Notification SwiftUI Test */ = {
			isa = PBXGroup;
			children = (
				0BF974BA2939ED0B002A031F /* Notification_SwiftUI_TestApp.swift */,
				0BF974BC2939ED0B002A031F /* ContentView.swift */,
				0BF974BE2939ED0C002A031F /* Assets.xcassets */,
				0BF974C02939ED0C002A031F /* Notification_SwiftUI_Test.entitlements */,
				0BF974C12939ED0C002A031F /* Preview Content */,
			);
			path = "Notification SwiftUI Test";
			sourceTree = "<group>";
		};
		0BF974C12939ED0C002A031F /* Preview Content */ = {
			isa = PBXGroup;
			children = (
				0BF974C22939ED0C002A031F /* Preview Assets.xcassets */,
			);
			path = "Preview Content";
			sourceTree = "<group>";
		};
		0BF974CB2939ED0D002A031F /* Notification SwiftUI TestTests */ = {
			isa = PBXGroup;
			children = (
				0BF974CC2939ED0D002A031F /* Notification_SwiftUI_TestTests.swift */,
			);
			path = "Notification SwiftUI TestTests";
			sourceTree = "<group>";
		};
		0BF974D52939ED0D002A031F /* Notification SwiftUI TestUITests */ = {
			isa = PBXGroup;
			children = (
				0BF974D62939ED0D002A031F /* Notification_SwiftUI_TestUITests.swift */,
				0BF974D82939ED0D002A031F /* Notification_SwiftUI_TestUITestsLaunchTests.swift */,
			);
			path = "Notification SwiftUI TestUITests";
			sourceTree = "<group>";
		};
/* End PBXGroup section */

/* Begin PBXNativeTarget section */
		0BF974B62939ED0B002A031F /* Notification SwiftUI Test */ = {
			isa = PBXNativeTarget;
			buildConfigurationList = 0BF974DC2939ED0D002A031F /* Build configuration list for PBXNativeTarget "Notification SwiftUI Test" */;
			buildPhases = (
				0BF974B32939ED0B002A031F /* Sources */,
				0BF974B42939ED0B002A031F /* Frameworks */,
				0BF974B52939ED0B002A031F /* Resources */,
			);
			buildRules = (
			);
			dependencies = (
			);
			name = "Notification SwiftUI Test";
			productName = "Notification SwiftUI Test";
			productReference = 0BF974B72939ED0B002A031F /* Notification SwiftUI Test.app */;
			productType = "com.apple.product-type.application";
		};
		0BF974C72939ED0D002A031F /* Notification SwiftUI TestTests */ = {
			isa = PBXNativeTarget;
			buildConfigurationList = 0BF974DF2939ED0D002A031F /* Build configuration list for PBXNativeTarget "Notification SwiftUI TestTests" */;
			buildPhases = (
				0BF974C42939ED0D002A031F /* Sources */,
				0BF974C52939ED0D002A031F /* Frameworks */,
				0BF974C62939ED0D002A031F /* Resources */,
			);
			buildRules = (
			);
			dependencies = (
				0BF974CA2939ED0D002A031F /* PBXTargetDependency */,
			);
			name = "Notification SwiftUI TestTests";
			productName = "Notification SwiftUI TestTests";
			productReference = 0BF974C82939ED0D002A031F /* Notification SwiftUI TestTests.xctest */;
			productType = "com.apple.product-type.bundle.unit-test";
		};
		0BF974D12939ED0D002A031F /* Notification SwiftUI TestUITests */ = {
			isa = PBXNativeTarget;
			buildConfigurationList = 0BF974E22939ED0D002A031F /* Build configuration list for PBXNativeTarget "Notification SwiftUI TestUITests" */;
			buildPhases = (
				0BF974CE2939ED0D002A031F /* Sources */,
				0BF974CF2939ED0D002A031F /* Frameworks */,
				0BF974D02939ED0D002A031F /* Resources */,
			);
			buildRules = (
			);
			dependencies = (
				0BF974D42939ED0D002A031F /* PBXTargetDependency */,
			);
			name = "Notification SwiftUI TestUITests";
			productName = "Notification SwiftUI TestUITests";
			productReference = 0BF974D22939ED0D002A031F /* Notification SwiftUI TestUITests.xctest */;
			productType = "com.apple.product-type.bundle.ui-testing";
		};
/* End PBXNativeTarget section */

/* Begin PBXProject section */
		0BF974AF2939ED0B002A031F /* Project object */ = {
			isa = PBXProject;
			attributes = {
				BuildIndependentTargetsInParallel = 1;
				LastSwiftUpdateCheck = 1410;
				LastUpgradeCheck = 1410;
				TargetAttributes = {
					0BF974B62939ED0B002A031F = {
						CreatedOnToolsVersion = 14.1;
					};
					0BF974C72939ED0D002A031F = {
						CreatedOnToolsVersion = 14.1;
						TestTargetID = 0BF974B62939ED0B002A031F;
					};
					0BF974D12939ED0D002A031F = {
						CreatedOnToolsVersion = 14.1;
						TestTargetID = 0BF974B62939ED0B002A031F;
					};
				};
			};
			buildConfigurationList = 0BF974B22939ED0B002A031F /* Build configuration list for PBXProject "Notification SwiftUI Test" */;
			compatibilityVersion = "Xcode 14.0";
			developmentRegion = en;
			hasScannedForEncodings = 0;
			knownRegions = (
				en,
				Base,
			);
			mainGroup = 0BF974AE2939ED0B002A031F;
			productRefGroup = 0BF974B82939ED0B002A031F /* Products */;
			projectDirPath = "";
			projectRoot = "";
			targets = (
				0BF974B62939ED0B002A031F /* Notification SwiftUI Test */,
				0BF974C72939ED0D002A031F /* Notification SwiftUI TestTests */,
				0BF974D12939ED0D002A031F /* Notification SwiftUI TestUITests */,
			);
		};
/* End PBXProject section */

/* Begin PBXResourcesBuildPhase section */
		0BF974B52939ED0B002A031F /* Resources */ = {
			isa = PBXResourcesBuildPhase;
			buildActionMask = 2147483647;
			files = (
				0BF974C32939ED0C002A031F /* Preview Assets.xcassets in Resources */,
				0BF974BF2939ED0C002A031F /* Assets.xcassets in Resources */,
			);
			runOnlyForDeploymentPostprocessing = 0;
		};
		0BF974C62939ED0D002A031F /* Resources */ = {
			isa = PBXResourcesBuildPhase;
			buildActionMask = 2147483647;
			files = (
			);
			runOnlyForDeploymentPostprocessing = 0;
		};
		0BF974D02939ED0D002A031F /* Resources */ = {
			isa = PBXResourcesBuildPhase;
			buildActionMask = 2147483647;
			files = (
			);
			runOnlyForDeploymentPostprocessing = 0;
		};
/* End PBXResourcesBuildPhase section */

/* Begin PBXSourcesBuildPhase section */
		0BF974B32939ED0B002A031F /* Sources */ = {
			isa = PBXSourcesBuildPhase;
			buildActionMask = 2147483647;
			files = (
				0BF974BD2939ED0B002A031F /* ContentView.swift in Sources */,
				0BF974BB2939ED0B002A031F /* Notification_SwiftUI_TestApp.swift in Sources */,
			);
			runOnlyForDeploymentPostprocessing = 0;
		};
		0BF974C42939ED0D002A031F /* Sources */ = {
			isa = PBXSourcesBuildPhase;
			buildActionMask = 2147483647;
			files = (
				0BF974CD2939ED0D002A031F /* Notification_SwiftUI_TestTests.swift in Sources */,
			);
			runOnlyForDeploymentPostprocessing = 0;
		};
		0BF974CE2939ED0D002A031F /* Sources */ = {
			isa = PBXSourcesBuildPhase;
			buildActionMask = 2147483647;
			files = (
				0BF974D72939ED0D002A031F /* Notification_SwiftUI_TestUITests.swift in Sources */,
				0BF974D92939ED0D002A031F /* Notification_SwiftUI_TestUITestsLaunchTests.swift in Sources */,
			);
			runOnlyForDeploymentPostprocessing = 0;
		};
/* End PBXSourcesBuildPhase section */

/* Begin PBXTargetDependency section */
		0BF974CA2939ED0D002A031F /* PBXTargetDependency */ = {
			isa = PBXTargetDependency;
			target = 0BF974B62939ED0B002A031F /* Notification SwiftUI Test */;
			targetProxy = 0BF974C92939ED0D002A031F /* PBXContainerItemProxy */;
		};
		0BF974D42939ED0D002A031F /* PBXTargetDependency */ = {
			isa = PBXTargetDependency;
			target = 0BF974B62939ED0B002A031F /* Notification SwiftUI Test */;
			targetProxy = 0BF974D32939ED0D002A031F /* PBXContainerItemProxy */;
		};
/* End PBXTargetDependency section */

/* Begin XCBuildConfiguration section */
		0BF974DA2939ED0D002A031F /* Debug */ = {
			isa = XCBuildConfiguration;
			buildSettings = {
				ALWAYS_SEARCH_USER_PATHS = NO;
				CLANG_ANALYZER_NONNULL = YES;
				CLANG_ANALYZER_NUMBER_OBJECT_CONVERSION = YES_AGGRESSIVE;
				CLANG_CXX_LANGUAGE_STANDARD = "gnu++20";
				CLANG_ENABLE_MODULES = YES;
				CLANG_ENABLE_OBJC_ARC = YES;
				CLANG_ENABLE_OBJC_WEAK = YES;
				CLANG_WARN_BLOCK_CAPTURE_AUTORELEASING = YES;
				CLANG_WARN_BOOL_CONVERSION = YES;
				CLANG_WARN_COMMA = YES;
				CLANG_WARN_CONSTANT_CONVERSION = YES;
				CLANG_WARN_DEPRECATED_OBJC_IMPLEMENTATIONS = YES;
				CLANG_WARN_DIRECT_OBJC_ISA_USAGE = YES_ERROR;
				CLANG_WARN_DOCUMENTATION_COMMENTS = YES;
				CLANG_WARN_EMPTY_BODY = YES;
				CLANG_WARN_ENUM_CONVERSION = YES;
				CLANG_WARN_INFINITE_RECURSION = YES;
				CLANG_WARN_INT_CONVERSION = YES;
				CLANG_WARN_NON_LITERAL_NULL_CONVERSION = YES;
				CLANG_WARN_OBJC_IMPLICIT_RETAIN_SELF = YES;
				CLANG_WARN_OBJC_LITERAL_CONVERSION = YES;
				CLANG_WARN_OBJC_ROOT_CLASS = YES_ERROR;
				CLANG_WARN_QUOTED_INCLUDE_IN_FRAMEWORK_HEADER = YES;
				CLANG_WARN_RANGE_LOOP_ANALYSIS = YES;
				CLANG_WARN_STRICT_PROTOTYPES = YES;
				CLANG_WARN_SUSPICIOUS_MOVE = YES;
				CLANG_WARN_UNGUARDED_AVAILABILITY = YES_AGGRESSIVE;
				CLANG_WARN_UNREACHABLE_CODE = YES;
				CLANG_WARN__DUPLICATE_METHOD_MATCH = YES;
				COPY_PHASE_STRIP = NO;
				DEBUG_INFORMATION_FORMAT = dwarf;
				ENABLE_STRICT_OBJC_MSGSEND = YES;
				ENABLE_TESTABILITY = YES;
				GCC_C_LANGUAGE_STANDARD = gnu11;
				GCC_DYNAMIC_NO_PIC = NO;
				GCC_NO_COMMON_BLOCKS = YES;
				GCC_OPTIMIZATION_LEVEL = 0;
				GCC_PREPROCESSOR_DEFINITIONS = (
					"DEBUG=1",
					"$(inherited)",
				);
				GCC_WARN_64_TO_32_BIT_CONVERSION = YES;
				GCC_WARN_ABOUT_RETURN_TYPE = YES_ERROR;
				GCC_WARN_UNDECLARED_SELECTOR = YES;
				GCC_WARN_UNINITIALIZED_AUTOS = YES_AGGRESSIVE;
				GCC_WARN_UNUSED_FUNCTION = YES;
				GCC_WARN_UNUSED_VARIABLE = YES;
				MTL_ENABLE_DEBUG_INFO = INCLUDE_SOURCE;
				MTL_FAST_MATH = YES;
				ONLY_ACTIVE_ARCH = YES;
				SWIFT_ACTIVE_COMPILATION_CONDITIONS = DEBUG;
				SWIFT_OPTIMIZATION_LEVEL = "-Onone";
			};
			name = Debug;
		};
		0BF974DB2939ED0D002A031F /* Release */ = {
			isa = XCBuildConfiguration;
			buildSettings = {
				ALWAYS_SEARCH_USER_PATHS = NO;
				CLANG_ANALYZER_NONNULL = YES;
				CLANG_ANALYZER_NUMBER_OBJECT_CONVERSION = YES_AGGRESSIVE;
				CLANG_CXX_LANGUAGE_STANDARD = "gnu++20";
				CLANG_ENABLE_MODULES = YES;
				CLANG_ENABLE_OBJC_ARC = YES;
				CLANG_ENABLE_OBJC_WEAK = YES;
				CLANG_WARN_BLOCK_CAPTURE_AUTORELEASING = YES;
				CLANG_WARN_BOOL_CONVERSION = YES;
				CLANG_WARN_COMMA = YES;
				CLANG_WARN_CONSTANT_CONVERSION = YES;
				CLANG_WARN_DEPRECATED_OBJC_IMPLEMENTATIONS = YES;
				CLANG_WARN_DIRECT_OBJC_ISA_USAGE = YES_ERROR;
				CLANG_WARN_DOCUMENTATION_COMMENTS = YES;
				CLANG_WARN_EMPTY_BODY = YES;
				CLANG_WARN_ENUM_CONVERSION = YES;
				CLANG_WARN_INFINITE_RECURSION = YES;
				CLANG_WARN_INT_CONVERSION = YES;
				CLANG_WARN_NON_LITERAL_NULL_CONVERSION = YES;
				CLANG_WARN_OBJC_IMPLICIT_RETAIN_SELF = YES;
				CLANG_WARN_OBJC_LITERAL_CONVERSION = YES;
				CLANG_WARN_OBJC_ROOT_CLASS = YES_ERROR;
				CLANG_WARN_QUOTED_INCLUDE_IN_FRAMEWORK_HEADER = YES;
				CLANG_WARN_RANGE_LOOP_ANALYSIS = YES;
				CLANG_WARN_STRICT_PROTOTYPES = YES;
				CLANG_WARN_SUSPICIOUS_MOVE = YES;
				CLANG_WARN_UNGUARDED_AVAILABILITY = YES_AGGRESSIVE;
				CLANG_WARN_UNREACHABLE_CODE = YES;
				CLANG_WARN__DUPLICATE_METHOD_MATCH = YES;
				COPY_PHASE_STRIP = NO;
				DEBUG_INFORMATION_FORMAT = "dwarf-with-dsym";
				ENABLE_NS_ASSERTIONS = NO;
				ENABLE_STRICT_OBJC_MSGSEND = YES;
				GCC_C_LANGUAGE_STANDARD = gnu11;
				GCC_NO_COMMON_BLOCKS = YES;
				GCC_WARN_64_TO_32_BIT_CONVERSION = YES;
				GCC_WARN_ABOUT_RETURN_TYPE = YES_ERROR;
				GCC_WARN_UNDECLARED_SELECTOR = YES;
				GCC_WARN_UNINITIALIZED_AUTOS = YES_AGGRESSIVE;
				GCC_WARN_UNUSED_FUNCTION = YES;
				GCC_WARN_UNUSED_VARIABLE = YES;
				MTL_ENABLE_DEBUG_INFO = NO;
				MTL_FAST_MATH = YES;
				SWIFT_COMPILATION_MODE = wholemodule;
				SWIFT_OPTIMIZATION_LEVEL = "-O";
			};
			name = Release;
		};
		0BF974DD2939ED0D002A031F /* Debug */ = {
			isa = XCBuildConfiguration;
			buildSettings = {
				ASSETCATALOG_COMPILER_APPICON_NAME = AppIcon;
				ASSETCATALOG_COMPILER_GLOBAL_ACCENT_COLOR_NAME = AccentColor;
				CODE_SIGN_ENTITLEMENTS = "Notification SwiftUI Test/Notification_SwiftUI_Test.entitlements";
				CODE_SIGN_STYLE = Automatic;
				CURRENT_PROJECT_VERSION = 1;
				DEVELOPMENT_ASSET_PATHS = "\"Notification SwiftUI Test/Preview Content\"";
				DEVELOPMENT_TEAM = 4KSG2M9DG2;
				ENABLE_HARDENED_RUNTIME = YES;
				ENABLE_PREVIEWS = YES;
				GENERATE_INFOPLIST_FILE = YES;
				"INFOPLIST_KEY_UIApplicationSceneManifest_Generation[sdk=iphoneos*]" = YES;
				"INFOPLIST_KEY_UIApplicationSceneManifest_Generation[sdk=iphonesimulator*]" = YES;
				"INFOPLIST_KEY_UIApplicationSupportsIndirectInputEvents[sdk=iphoneos*]" = YES;
				"INFOPLIST_KEY_UIApplicationSupportsIndirectInputEvents[sdk=iphonesimulator*]" = YES;
				"INFOPLIST_KEY_UILaunchScreen_Generation[sdk=iphoneos*]" = YES;
				"INFOPLIST_KEY_UILaunchScreen_Generation[sdk=iphonesimulator*]" = YES;
				"INFOPLIST_KEY_UIStatusBarStyle[sdk=iphoneos*]" = UIStatusBarStyleDefault;
				"INFOPLIST_KEY_UIStatusBarStyle[sdk=iphonesimulator*]" = UIStatusBarStyleDefault;
				INFOPLIST_KEY_UISupportedInterfaceOrientations_iPad = "UIInterfaceOrientationPortrait UIInterfaceOrientationPortraitUpsideDown UIInterfaceOrientationLandscapeLeft UIInterfaceOrientationLandscapeRight";
				INFOPLIST_KEY_UISupportedInterfaceOrientations_iPhone = "UIInterfaceOrientationPortrait UIInterfaceOrientationLandscapeLeft UIInterfaceOrientationLandscapeRight";
				IPHONEOS_DEPLOYMENT_TARGET = 16.1;
				LD_RUNPATH_SEARCH_PATHS = "@executable_path/Frameworks";
				"LD_RUNPATH_SEARCH_PATHS[sdk=macosx*]" = "@executable_path/../Frameworks";
				MACOSX_DEPLOYMENT_TARGET = 13.0;
				MARKETING_VERSION = 1.0;
				PRODUCT_BUNDLE_IDENTIFIER = "michaelbonfanti.Notification-SwiftUI-Test";
				PRODUCT_NAME = "$(TARGET_NAME)";
				SDKROOT = auto;
				SUPPORTED_PLATFORMS = "iphoneos iphonesimulator macosx";
				SWIFT_EMIT_LOC_STRINGS = YES;
				SWIFT_VERSION = 5.0;
				TARGETED_DEVICE_FAMILY = "1,2";
			};
			name = Debug;
		};
		0BF974DE2939ED0D002A031F /* Release */ = {
			isa = XCBuildConfiguration;
			buildSettings = {
				ASSETCATALOG_COMPILER_APPICON_NAME = AppIcon;
				ASSETCATALOG_COMPILER_GLOBAL_ACCENT_COLOR_NAME = AccentColor;
				CODE_SIGN_ENTITLEMENTS = "Notification SwiftUI Test/Notification_SwiftUI_Test.entitlements";
				CODE_SIGN_STYLE = Automatic;
				CURRENT_PROJECT_VERSION = 1;
				DEVELOPMENT_ASSET_PATHS = "\"Notification SwiftUI Test/Preview Content\"";
				DEVELOPMENT_TEAM = 4KSG2M9DG2;
				ENABLE_HARDENED_RUNTIME = YES;
				ENABLE_PREVIEWS = YES;
				GENERATE_INFOPLIST_FILE = YES;
				"INFOPLIST_KEY_UIApplicationSceneManifest_Generation[sdk=iphoneos*]" = YES;
				"INFOPLIST_KEY_UIApplicationSceneManifest_Generation[sdk=iphonesimulator*]" = YES;
				"INFOPLIST_KEY_UIApplicationSupportsIndirectInputEvents[sdk=iphoneos*]" = YES;
				"INFOPLIST_KEY_UIApplicationSupportsIndirectInputEvents[sdk=iphonesimulator*]" = YES;
				"INFOPLIST_KEY_UILaunchScreen_Generation[sdk=iphoneos*]" = YES;
				"INFOPLIST_KEY_UILaunchScreen_Generation[sdk=iphonesimulator*]" = YES;
				"INFOPLIST_KEY_UIStatusBarStyle[sdk=iphoneos*]" = UIStatusBarStyleDefault;
				"INFOPLIST_KEY_UIStatusBarStyle[sdk=iphonesimulator*]" = UIStatusBarStyleDefault;
				INFOPLIST_KEY_UISupportedInterfaceOrientations_iPad = "UIInterfaceOrientationPortrait UIInterfaceOrientationPortraitUpsideDown UIInterfaceOrientationLandscapeLeft UIInterfaceOrientationLandscapeRight";
				INFOPLIST_KEY_UISupportedInterfaceOrientations_iPhone = "UIInterfaceOrientationPortrait UIInterfaceOrientationLandscapeLeft UIInterfaceOrientationLandscapeRight";
				IPHONEOS_DEPLOYMENT_TARGET = 16.1;
				LD_RUNPATH_SEARCH_PATHS = "@executable_path/Frameworks";
				"LD_RUNPATH_SEARCH_PATHS[sdk=macosx*]" = "@executable_path/../Frameworks";
				MACOSX_DEPLOYMENT_TARGET = 13.0;
				MARKETING_VERSION = 1.0;
				PRODUCT_BUNDLE_IDENTIFIER = "michaelbonfanti.Notification-SwiftUI-Test";
				PRODUCT_NAME = "$(TARGET_NAME)";
				SDKROOT = auto;
				SUPPORTED_PLATFORMS = "iphoneos iphonesimulator macosx";
				SWIFT_EMIT_LOC_STRINGS = YES;
				SWIFT_VERSION = 5.0;
				TARGETED_DEVICE_FAMILY = "1,2";
			};
			name = Release;
		};
		0BF974E02939ED0D002A031F /* Debug */ = {
			isa = XCBuildConfiguration;
			buildSettings = {
				ALWAYS_EMBED_SWIFT_STANDARD_LIBRARIES = YES;
				BUNDLE_LOADER = "$(TEST_HOST)";
				CODE_SIGN_STYLE = Automatic;
				CURRENT_PROJECT_VERSION = 1;
				DEVELOPMENT_TEAM = 4KSG2M9DG2;
				GENERATE_INFOPLIST_FILE = YES;
				IPHONEOS_DEPLOYMENT_TARGET = 16.1;
				MACOSX_DEPLOYMENT_TARGET = 13.0;
				MARKETING_VERSION = 1.0;
				PRODUCT_BUNDLE_IDENTIFIER = "michaelbonfanti.Notification-SwiftUI-TestTests";
				PRODUCT_NAME = "$(TARGET_NAME)";
				SDKROOT = auto;
				SUPPORTED_PLATFORMS = "iphoneos iphonesimulator macosx";
				SWIFT_EMIT_LOC_STRINGS = NO;
				SWIFT_VERSION = 5.0;
				TARGETED_DEVICE_FAMILY = "1,2";
				TEST_HOST = "$(BUILT_PRODUCTS_DIR)/Notification SwiftUI Test.app/$(BUNDLE_EXECUTABLE_FOLDER_PATH)/Notification SwiftUI Test";
			};
			name = Debug;
		};
		0BF974E12939ED0D002A031F /* Release */ = {
			isa = XCBuildConfiguration;
			buildSettings = {
				ALWAYS_EMBED_SWIFT_STANDARD_LIBRARIES = YES;
				BUNDLE_LOADER = "$(TEST_HOST)";
				CODE_SIGN_STYLE = Automatic;
				CURRENT_PROJECT_VERSION = 1;
				DEVELOPMENT_TEAM = 4KSG2M9DG2;
				GENERATE_INFOPLIST_FILE = YES;
				IPHONEOS_DEPLOYMENT_TARGET = 16.1;
				MACOSX_DEPLOYMENT_TARGET = 13.0;
				MARKETING_VERSION = 1.0;
				PRODUCT_BUNDLE_IDENTIFIER = "michaelbonfanti.Notification-SwiftUI-TestTests";
				PRODUCT_NAME = "$(TARGET_NAME)";
				SDKROOT = auto;
				SUPPORTED_PLATFORMS = "iphoneos iphonesimulator macosx";
				SWIFT_EMIT_LOC_STRINGS = NO;
				SWIFT_VERSION = 5.0;
				TARGETED_DEVICE_FAMILY = "1,2";
				TEST_HOST = "$(BUILT_PRODUCTS_DIR)/Notification SwiftUI Test.app/$(BUNDLE_EXECUTABLE_FOLDER_PATH)/Notification SwiftUI Test";
			};
			name = Release;
		};
		0BF974E32939ED0D002A031F /* Debug */ = {
			isa = XCBuildConfiguration;
			buildSettings = {
				ALWAYS_EMBED_SWIFT_STANDARD_LIBRARIES = YES;
				CODE_SIGN_STYLE = Automatic;
				CURRENT_PROJECT_VERSION = 1;
				DEVELOPMENT_TEAM = 4KSG2M9DG2;
				GENERATE_INFOPLIST_FILE = YES;
				IPHONEOS_DEPLOYMENT_TARGET = 16.1;
				MACOSX_DEPLOYMENT_TARGET = 13.0;
				MARKETING_VERSION = 1.0;
				PRODUCT_BUNDLE_IDENTIFIER = "michaelbonfanti.Notification-SwiftUI-TestUITests";
				PRODUCT_NAME = "$(TARGET_NAME)";
				SDKROOT = auto;
				SUPPORTED_PLATFORMS = "iphoneos iphonesimulator macosx";
				SWIFT_EMIT_LOC_STRINGS = NO;
				SWIFT_VERSION = 5.0;
				TARGETED_DEVICE_FAMILY = "1,2";
				TEST_TARGET_NAME = "Notification SwiftUI Test";
			};
			name = Debug;
		};
		0BF974E42939ED0D002A031F /* Release */ = {
			isa = XCBuildConfiguration;
			buildSettings = {
				ALWAYS_EMBED_SWIFT_STANDARD_LIBRARIES = YES;
				CODE_SIGN_STYLE = Automatic;
				CURRENT_PROJECT_VERSION = 1;
				DEVELOPMENT_TEAM = 4KSG2M9DG2;
				GENERATE_INFOPLIST_FILE = YES;
				IPHONEOS_DEPLOYMENT_TARGET = 16.1;
				MACOSX_DEPLOYMENT_TARGET = 13.0;
				MARKETING_VERSION = 1.0;
				PRODUCT_BUNDLE_IDENTIFIER = "michaelbonfanti.Notification-SwiftUI-TestUITests";
				PRODUCT_NAME = "$(TARGET_NAME)";
				SDKROOT = auto;
				SUPPORTED_PLATFORMS = "iphoneos iphonesimulator macosx";
				SWIFT_EMIT_LOC_STRINGS = NO;
				SWIFT_VERSION = 5.0;
				TARGETED_DEVICE_FAMILY = "1,2";
				TEST_TARGET_NAME = "Notification SwiftUI Test";
			};
			name = Release;
		};
/* End XCBuildConfiguration section */

/* Begin XCConfigurationList section */
		0BF974B22939ED0B002A031F /* Build configuration list for PBXProject "Notification SwiftUI Test" */ = {
			isa = XCConfigurationList;
			buildConfigurations = (
				0BF974DA2939ED0D002A031F /* Debug */,
				0BF974DB2939ED0D002A031F /* Release */,
			);
			defaultConfigurationIsVisible = 0;
			defaultConfigurationName = Release;
		};
		0BF974DC2939ED0D002A031F /* Build configuration list for PBXNativeTarget "Notification SwiftUI Test" */ = {
			isa = XCConfigurationList;
			buildConfigurations = (
				0BF974DD2939ED0D002A031F /* Debug */,
				0BF974DE2939ED0D002A031F /* Release */,
			);
			defaultConfigurationIsVisible = 0;
			defaultConfigurationName = Release;
		};
		0BF974DF2939ED0D002A031F /* Build configuration list for PBXNativeTarget "Notification SwiftUI TestTests" */ = {
			isa = XCConfigurationList;
			buildConfigurations = (
				0BF974E02939ED0D002A031F /* Debug */,
				0BF974E12939ED0D002A031F /* Release */,
			);
			defaultConfigurationIsVisible = 0;
			defaultConfigurationName = Release;
		};
		0BF974E22939ED0D002A031F /* Build configuration list for PBXNativeTarget "Notification SwiftUI TestUITests" */ = {
			isa = XCConfigurationList;
			buildConfigurations = (
				0BF974E32939ED0D002A031F /* Debug */,
				0BF974E42939ED0D002A031F /* Release */,
			);
			defaultConfigurationIsVisible = 0;
			defaultConfigurationName = Release;
		};
/* End XCConfigurationList section */
	};
	rootObject = 0BF974AF2939ED0B002A031F /* Project object */;
}
